
Microsoft Visual Studio Solution File, Format Version 12.00
# Visual Studio 15
VisualStudioVersion = 15.0.26730.8
MinimumVisualStudioVersion = 10.0.40219.1
Project("{FAE04EC0-301F-11D3-BF4B-00C04F79EFBC}") = "LS.BL.Interface", "LS.BL.Interface\LS.BL.Interface.csproj", "{7C5F804E-540D-410F-858B-4888FBB8CE9E}"
	ProjectSection(ProjectDependencies) = postProject
		{8DE0C954-D2D6-420E-8682-586E78D8D593} = {8DE0C954-D2D6-420E-8682-586E78D8D593}
	EndProjectSection
EndProject
Project("{FAE04EC0-301F-11D3-BF4B-00C04F79EFBC}") = "LS.BL.Library", "LS.BL.Library\LS.BL.Library.csproj", "{A70E1855-94A5-4DA2-A85A-1FF34395E308}"
	ProjectSection(ProjectDependencies) = postProject
		{7C5F804E-540D-410F-858B-4888FBB8CE9E} = {7C5F804E-540D-410F-858B-4888FBB8CE9E}
		{8DE0C954-D2D6-420E-8682-586E78D8D593} = {8DE0C954-D2D6-420E-8682-586E78D8D593}
	EndProjectSection
EndProject
Project("{FAE04EC0-301F-11D3-BF4B-00C04F79EFBC}") = "LS.DAL.Interface", "LS.DAL.Interface\LS.DAL.Interface.csproj", "{5C82906F-17E0-4F6B-BCCA-FEAEABF70160}"
	ProjectSection(ProjectDependencies) = postProject
		{8DE0C954-D2D6-420E-8682-586E78D8D593} = {8DE0C954-D2D6-420E-8682-586E78D8D593}
	EndProjectSection
EndProject
Project("{FAE04EC0-301F-11D3-BF4B-00C04F79EFBC}") = "LS.DAL.Library", "LS.DAL.Library\LS.DAL.Library.csproj", "{299F42CC-8F94-4066-8B1C-729BC98349A7}"
	ProjectSection(ProjectDependencies) = postProject
		{7C5F804E-540D-410F-858B-4888FBB8CE9E} = {7C5F804E-540D-410F-858B-4888FBB8CE9E}
		{8DE0C954-D2D6-420E-8682-586E78D8D593} = {8DE0C954-D2D6-420E-8682-586E78D8D593}
		{A70E1855-94A5-4DA2-A85A-1FF34395E308} = {A70E1855-94A5-4DA2-A85A-1FF34395E308}
		{5C82906F-17E0-4F6B-BCCA-FEAEABF70160} = {5C82906F-17E0-4F6B-BCCA-FEAEABF70160}
	EndProjectSection
EndProject
Project("{FAE04EC0-301F-11D3-BF4B-00C04F79EFBC}") = "LS.Models", "LS.Models\LS.Models.csproj", "{8DE0C954-D2D6-420E-8682-586E78D8D593}"
EndProject
Project("{FAE04EC0-301F-11D3-BF4B-00C04F79EFBC}") = "LS.Modules", "LS.Modules\LS.Modules.csproj", "{2E291BAC-505F-4C68-B959-BCF88A583974}"
	ProjectSection(ProjectDependencies) = postProject
		{7C5F804E-540D-410F-858B-4888FBB8CE9E} = {7C5F804E-540D-410F-858B-4888FBB8CE9E}
		{8DE0C954-D2D6-420E-8682-586E78D8D593} = {8DE0C954-D2D6-420E-8682-586E78D8D593}
		{A70E1855-94A5-4DA2-A85A-1FF34395E308} = {A70E1855-94A5-4DA2-A85A-1FF34395E308}
		{5C82906F-17E0-4F6B-BCCA-FEAEABF70160} = {5C82906F-17E0-4F6B-BCCA-FEAEABF70160}
		{299F42CC-8F94-4066-8B1C-729BC98349A7} = {299F42CC-8F94-4066-8B1C-729BC98349A7}
	EndProjectSection
EndProject
Project("{FAE04EC0-301F-11D3-BF4B-00C04F79EFBC}") = "LSApi", "LSApi\LSApi.csproj", "{C16E26D4-58AD-4C44-8943-FBD2ACC7F579}"
	ProjectSection(ProjectDependencies) = postProject
		{7C5F804E-540D-410F-858B-4888FBB8CE9E} = {7C5F804E-540D-410F-858B-4888FBB8CE9E}
		{8DE0C954-D2D6-420E-8682-586E78D8D593} = {8DE0C954-D2D6-420E-8682-586E78D8D593}
		{A70E1855-94A5-4DA2-A85A-1FF34395E308} = {A70E1855-94A5-4DA2-A85A-1FF34395E308}
		{5C82906F-17E0-4F6B-BCCA-FEAEABF70160} = {5C82906F-17E0-4F6B-BCCA-FEAEABF70160}
		{2E291BAC-505F-4C68-B959-BCF88A583974} = {2E291BAC-505F-4C68-B959-BCF88A583974}
		{299F42CC-8F94-4066-8B1C-729BC98349A7} = {299F42CC-8F94-4066-8B1C-729BC98349A7}
	EndProjectSection
EndProject
Project("{FAE04EC0-301F-11D3-BF4B-00C04F79EFBC}") = "LSWebApp", "LSWebApp\LSWebApp.csproj", "{C8DF8299-BB92-4CF8-BB80-8E103BC54782}"
	ProjectSection(ProjectDependencies) = postProject
		{7C5F804E-540D-410F-858B-4888FBB8CE9E} = {7C5F804E-540D-410F-858B-4888FBB8CE9E}
		{A70E1855-94A5-4DA2-A85A-1FF34395E308} = {A70E1855-94A5-4DA2-A85A-1FF34395E308}
		{5C82906F-17E0-4F6B-BCCA-FEAEABF70160} = {5C82906F-17E0-4F6B-BCCA-FEAEABF70160}
		{2E291BAC-505F-4C68-B959-BCF88A583974} = {2E291BAC-505F-4C68-B959-BCF88A583974}
		{299F42CC-8F94-4066-8B1C-729BC98349A7} = {299F42CC-8F94-4066-8B1C-729BC98349A7}
	EndProjectSection
EndProject
Project("{2150E333-8FDC-42A3-9474-1A3956D46DE8}") = "BusinessLayer", "BusinessLayer", "{967BEBF7-7679-4CB7-B372-8DFD2352B86B}"
EndProject
Project("{2150E333-8FDC-42A3-9474-1A3956D46DE8}") = "Container", "Container", "{3C2837EE-D5D9-4D25-B787-48FC42A86FCF}"
EndProject
Project("{2150E333-8FDC-42A3-9474-1A3956D46DE8}") = "DataAccessLayer", "DataAccessLayer", "{51D1C5B8-4529-44A1-8CDC-60AE6B59159E}"
EndProject
Global
	GlobalSection(SolutionConfigurationPlatforms) = preSolution
		Debug|Any CPU = Debug|Any CPU
		Release|Any CPU = Release|Any CPU
	EndGlobalSection
	GlobalSection(ProjectConfigurationPlatforms) = postSolution
		{7C5F804E-540D-410F-858B-4888FBB8CE9E}.Debug|Any CPU.ActiveCfg = Debug|Any CPU
		{7C5F804E-540D-410F-858B-4888FBB8CE9E}.Debug|Any CPU.Build.0 = Debug|Any CPU
		{7C5F804E-540D-410F-858B-4888FBB8CE9E}.Release|Any CPU.ActiveCfg = Release|Any CPU
		{7C5F804E-540D-410F-858B-4888FBB8CE9E}.Release|Any CPU.Build.0 = Release|Any CPU
		{A70E1855-94A5-4DA2-A85A-1FF34395E308}.Debug|Any CPU.ActiveCfg = Debug|Any CPU
		{A70E1855-94A5-4DA2-A85A-1FF34395E308}.Debug|Any CPU.Build.0 = Debug|Any CPU
		{A70E1855-94A5-4DA2-A85A-1FF34395E308}.Release|Any CPU.ActiveCfg = Release|Any CPU
		{A70E1855-94A5-4DA2-A85A-1FF34395E308}.Release|Any CPU.Build.0 = Release|Any CPU
		{5C82906F-17E0-4F6B-BCCA-FEAEABF70160}.Debug|Any CPU.ActiveCfg = Debug|Any CPU
		{5C82906F-17E0-4F6B-BCCA-FEAEABF70160}.Debug|Any CPU.Build.0 = Debug|Any CPU
		{5C82906F-17E0-4F6B-BCCA-FEAEABF70160}.Release|Any CPU.ActiveCfg = Release|Any CPU
		{5C82906F-17E0-4F6B-BCCA-FEAEABF70160}.Release|Any CPU.Build.0 = Release|Any CPU
		{299F42CC-8F94-4066-8B1C-729BC98349A7}.Debug|Any CPU.ActiveCfg = Debug|Any CPU
		{299F42CC-8F94-4066-8B1C-729BC98349A7}.Debug|Any CPU.Build.0 = Debug|Any CPU
		{299F42CC-8F94-4066-8B1C-729BC98349A7}.Release|Any CPU.ActiveCfg = Release|Any CPU
		{299F42CC-8F94-4066-8B1C-729BC98349A7}.Release|Any CPU.Build.0 = Release|Any CPU
		{8DE0C954-D2D6-420E-8682-586E78D8D593}.Debug|Any CPU.ActiveCfg = Debug|Any CPU
		{8DE0C954-D2D6-420E-8682-586E78D8D593}.Debug|Any CPU.Build.0 = Debug|Any CPU
		{8DE0C954-D2D6-420E-8682-586E78D8D593}.Release|Any CPU.ActiveCfg = Release|Any CPU
		{8DE0C954-D2D6-420E-8682-586E78D8D593}.Release|Any CPU.Build.0 = Release|Any CPU
		{2E291BAC-505F-4C68-B959-BCF88A583974}.Debug|Any CPU.ActiveCfg = Debug|Any CPU
		{2E291BAC-505F-4C68-B959-BCF88A583974}.Debug|Any CPU.Build.0 = Debug|Any CPU
		{2E291BAC-505F-4C68-B959-BCF88A583974}.Release|Any CPU.ActiveCfg = Release|Any CPU
		{2E291BAC-505F-4C68-B959-BCF88A583974}.Release|Any CPU.Build.0 = Release|Any CPU
		{C16E26D4-58AD-4C44-8943-FBD2ACC7F579}.Debug|Any CPU.ActiveCfg = Debug|Any CPU
		{C16E26D4-58AD-4C44-8943-FBD2ACC7F579}.Debug|Any CPU.Build.0 = Debug|Any CPU
		{C16E26D4-58AD-4C44-8943-FBD2ACC7F579}.Release|Any CPU.ActiveCfg = Release|Any CPU
		{C16E26D4-58AD-4C44-8943-FBD2ACC7F579}.Release|Any CPU.Build.0 = Release|Any CPU
		{C8DF8299-BB92-4CF8-BB80-8E103BC54782}.Debug|Any CPU.ActiveCfg = Debug|Any CPU
		{C8DF8299-BB92-4CF8-BB80-8E103BC54782}.Debug|Any CPU.Build.0 = Debug|Any CPU
		{C8DF8299-BB92-4CF8-BB80-8E103BC54782}.Release|Any CPU.ActiveCfg = Release|Any CPU
		{C8DF8299-BB92-4CF8-BB80-8E103BC54782}.Release|Any CPU.Build.0 = Release|Any CPU
	EndGlobalSection
	GlobalSection(SolutionProperties) = preSolution
		HideSolutionNode = FALSE
	EndGlobalSection
	GlobalSection(NestedProjects) = preSolution
		{7C5F804E-540D-410F-858B-4888FBB8CE9E} = {967BEBF7-7679-4CB7-B372-8DFD2352B86B}
		{A70E1855-94A5-4DA2-A85A-1FF34395E308} = {967BEBF7-7679-4CB7-B372-8DFD2352B86B}
		{5C82906F-17E0-4F6B-BCCA-FEAEABF70160} = {51D1C5B8-4529-44A1-8CDC-60AE6B59159E}
		{299F42CC-8F94-4066-8B1C-729BC98349A7} = {51D1C5B8-4529-44A1-8CDC-60AE6B59159E}
		{8DE0C954-D2D6-420E-8682-586E78D8D593} = {51D1C5B8-4529-44A1-8CDC-60AE6B59159E}
		{2E291BAC-505F-4C68-B959-BCF88A583974} = {3C2837EE-D5D9-4D25-B787-48FC42A86FCF}
	EndGlobalSection
	GlobalSection(ExtensibilityGlobals) = postSolution
		SolutionGuid = {BD346343-1B5D-42CD-A619-7C20188DA821}
	EndGlobalSection
EndGlobal
